<?xml version="1.0" encoding="utf-8"?>
<Project ToolsVersion="4.0" xmlns="http://schemas.microsoft.com/developer/msbuild/2003">
  <ItemGroup>
    <ClCompile Include="..\MSU_C\ProgramMinmax.c" />
    <ClCompile Include="..\MSU_C\Test.c" />
    <ClCompile Include="..\MSU_C\Lection1.c" />
    <ClCompile Include="..\MSU_C\Program4.c" />
    <ClCompile Include="..\MSU_C\Program5.c" />
    <ClCompile Include="..\MSU_C\Program6.c" />
    <ClCompile Include="..\MSU_C\Seminar1.c" />
    <ClCompile Include="..\MSU_C\Program4(no array).c" />
    <ClCompile Include="..\MSU_C\ProgramSort.c" />
    <ClCompile Include="..\MSU_C\Program7.c" />
    <ClCompile Include="..\MSU_C\NewProgramSort.c" />
    <ClCompile Include="..\MSU_C\Program9.c" />
  </ItemGroup>
  <ItemGroup>
    <ClInclude Include="..\MSU_C\Functions5.h" />
  </ItemGroup>
</Project>